
Microsoft Visual Studio Solution File, Format Version 12.00
# Visual Studio 15
VisualStudioVersion = 15.0.28010.2036
MinimumVisualStudioVersion = 10.0.40219.1
Project("{FAE04EC0-301F-11D3-BF4B-00C04F79EFBC}") = "ModelTrain", "ModelTrain\ModelTrain.csproj", "{110FED9F-B712-438D-9931-386AAE6AB2EB}"
EndProject
Project("{FAE04EC0-301F-11D3-BF4B-00C04F79EFBC}") = "SimplifiedApp", "SimplifiedApp\SimplifiedApp.csproj", "{A1F36F82-3532-4814-91FF-0F2EC16EAB92}"
EndProject
Global
	GlobalSection(SolutionConfigurationPlatforms) = preSolution
		Debug|Any CPU = Debug|Any CPU
		Release|Any CPU = Release|Any CPU
	EndGlobalSection
	GlobalSection(ProjectConfigurationPlatforms) = postSolution
		{110FED9F-B712-438D-9931-386AAE6AB2EB}.Debug|Any CPU.ActiveCfg = Debug|Any CPU
		{110FED9F-B712-438D-9931-386AAE6AB2EB}.Debug|Any CPU.Build.0 = Debug|Any CPU
		{110FED9F-B712-438D-9931-386AAE6AB2EB}.Release|Any CPU.ActiveCfg = Release|Any CPU
		{110FED9F-B712-438D-9931-386AAE6AB2EB}.Release|Any CPU.Build.0 = Release|Any CPU
		{A1F36F82-3532-4814-91FF-0F2EC16EAB92}.Debug|Any CPU.ActiveCfg = Debug|Any CPU
		{A1F36F82-3532-4814-91FF-0F2EC16EAB92}.Debug|Any CPU.Build.0 = Debug|Any CPU
		{A1F36F82-3532-4814-91FF-0F2EC16EAB92}.Release|Any CPU.ActiveCfg = Release|Any CPU
		{A1F36F82-3532-4814-91FF-0F2EC16EAB92}.Release|Any CPU.Build.0 = Release|Any CPU
	EndGlobalSection
	GlobalSection(SolutionProperties) = preSolution
		HideSolutionNode = FALSE
	EndGlobalSection
	GlobalSection(ExtensibilityGlobals) = postSolution
		SolutionGuid = {6A188558-6B02-4924-964F-465B0BE6DD43}
	EndGlobalSection
EndGlobal
